
Microsoft Visual Studio Solution File, Format Version 12.00
# Visual Studio 2013
VisualStudioVersion = 12.0.21005.1
MinimumVisualStudioVersion = 10.0.40219.1
Project("{FAE04EC0-301F-11D3-BF4B-00C04F79EFBC}") = "GEEData", "GEEData\GEEData.csproj", "{80A6F894-07B8-4F45-A382-5966DD2F8DBC}"
EndProject
Project("{FAE04EC0-301F-11D3-BF4B-00C04F79EFBC}") = "GEEUI", "GEEUI\GEEUI.csproj", "{20E3F463-B91F-42E3-8A51-025D9AEDCBB4}"
EndProject
Project("{FAE04EC0-301F-11D3-BF4B-00C04F79EFBC}") = "GEERepository", "GEERepository\GEERepository.csproj", "{51F0B4A5-300B-4769-AA6E-E9DB9796CE86}"
EndProject
Project("{FAE04EC0-301F-11D3-BF4B-00C04F79EFBC}") = "ClsConexao", "ClsConexao\ClsConexao.csproj", "{20D2E51F-FEBF-46F8-A424-C90A703F94A3}"
EndProject
Global
	GlobalSection(SolutionConfigurationPlatforms) = preSolution
		Debug|Any CPU = Debug|Any CPU
		Release|Any CPU = Release|Any CPU
	EndGlobalSection
	GlobalSection(ProjectConfigurationPlatforms) = postSolution
		{80A6F894-07B8-4F45-A382-5966DD2F8DBC}.Debug|Any CPU.ActiveCfg = Debug|Any CPU
		{80A6F894-07B8-4F45-A382-5966DD2F8DBC}.Debug|Any CPU.Build.0 = Debug|Any CPU
		{80A6F894-07B8-4F45-A382-5966DD2F8DBC}.Release|Any CPU.ActiveCfg = Release|Any CPU
		{80A6F894-07B8-4F45-A382-5966DD2F8DBC}.Release|Any CPU.Build.0 = Release|Any CPU
		{20E3F463-B91F-42E3-8A51-025D9AEDCBB4}.Debug|Any CPU.ActiveCfg = Debug|Any CPU
		{20E3F463-B91F-42E3-8A51-025D9AEDCBB4}.Debug|Any CPU.Build.0 = Debug|Any CPU
		{20E3F463-B91F-42E3-8A51-025D9AEDCBB4}.Release|Any CPU.ActiveCfg = Release|Any CPU
		{20E3F463-B91F-42E3-8A51-025D9AEDCBB4}.Release|Any CPU.Build.0 = Release|Any CPU
		{51F0B4A5-300B-4769-AA6E-E9DB9796CE86}.Debug|Any CPU.ActiveCfg = Debug|Any CPU
		{51F0B4A5-300B-4769-AA6E-E9DB9796CE86}.Debug|Any CPU.Build.0 = Debug|Any CPU
		{51F0B4A5-300B-4769-AA6E-E9DB9796CE86}.Release|Any CPU.ActiveCfg = Release|Any CPU
		{51F0B4A5-300B-4769-AA6E-E9DB9796CE86}.Release|Any CPU.Build.0 = Release|Any CPU
		{20D2E51F-FEBF-46F8-A424-C90A703F94A3}.Debug|Any CPU.ActiveCfg = Debug|Any CPU
		{20D2E51F-FEBF-46F8-A424-C90A703F94A3}.Debug|Any CPU.Build.0 = Debug|Any CPU
		{20D2E51F-FEBF-46F8-A424-C90A703F94A3}.Release|Any CPU.ActiveCfg = Release|Any CPU
		{20D2E51F-FEBF-46F8-A424-C90A703F94A3}.Release|Any CPU.Build.0 = Release|Any CPU
	EndGlobalSection
	GlobalSection(SolutionProperties) = preSolution
		HideSolutionNode = FALSE
	EndGlobalSection
EndGlobal
